
Microsoft Visual Studio Solution File, Format Version 12.00
# Visual Studio Version 17
VisualStudioVersion = 17.1.32328.378
MinimumVisualStudioVersion = 10.0.40219.1
Project("{FAE04EC0-301F-11D3-BF4B-00C04F79EFBC}") = "Univ_WebSite_Api_Core_Use", "Univ_WebSite_Api_Core_Use\Univ_WebSite_Api_Core_Use.csproj", "{1EEAC22C-5816-410D-8837-37E05FA60B6E}"
EndProject
Global
	GlobalSection(SolutionConfigurationPlatforms) = preSolution
		Debug|Any CPU = Debug|Any CPU
		Release|Any CPU = Release|Any CPU
	EndGlobalSection
	GlobalSection(ProjectConfigurationPlatforms) = postSolution
		{1EEAC22C-5816-410D-8837-37E05FA60B6E}.Debug|Any CPU.ActiveCfg = Debug|Any CPU
		{1EEAC22C-5816-410D-8837-37E05FA60B6E}.Debug|Any CPU.Build.0 = Debug|Any CPU
		{1EEAC22C-5816-410D-8837-37E05FA60B6E}.Release|Any CPU.ActiveCfg = Release|Any CPU
		{1EEAC22C-5816-410D-8837-37E05FA60B6E}.Release|Any CPU.Build.0 = Release|Any CPU
	EndGlobalSection
	GlobalSection(SolutionProperties) = preSolution
		HideSolutionNode = FALSE
	EndGlobalSection
	GlobalSection(ExtensibilityGlobals) = postSolution
		SolutionGuid = {4737A3FA-9C8F-4309-A9EF-16381C6309BE}
	EndGlobalSection
EndGlobal
